
Microsoft Visual Studio Solution File, Format Version 12.00
# Visual Studio 14
VisualStudioVersion = 14.0.25420.1
MinimumVisualStudioVersion = 10.0.40219.1
Project("{FAE04EC0-301F-11D3-BF4B-00C04F79EFBC}") = "WpfApplicationÜbung2", "WpfApplicationÜbung2\WpfApplicationÜbung2.csproj", "{26E1C109-9D54-40EF-ACBF-2815B8E0E8D2}"
EndProject
Project("{FAE04EC0-301F-11D3-BF4B-00C04F79EFBC}") = "WpfApplicationÜbung3", "WpfApplicationÜbung3\WpfApplicationÜbung3.csproj", "{5C7D21E3-79FA-4751-B7C7-BB81FE184280}"
EndProject
Global
	GlobalSection(SolutionConfigurationPlatforms) = preSolution
		Debug|Any CPU = Debug|Any CPU
		Release|Any CPU = Release|Any CPU
	EndGlobalSection
	GlobalSection(ProjectConfigurationPlatforms) = postSolution
		{26E1C109-9D54-40EF-ACBF-2815B8E0E8D2}.Debug|Any CPU.ActiveCfg = Debug|Any CPU
		{26E1C109-9D54-40EF-ACBF-2815B8E0E8D2}.Debug|Any CPU.Build.0 = Debug|Any CPU
		{26E1C109-9D54-40EF-ACBF-2815B8E0E8D2}.Release|Any CPU.ActiveCfg = Release|Any CPU
		{26E1C109-9D54-40EF-ACBF-2815B8E0E8D2}.Release|Any CPU.Build.0 = Release|Any CPU
		{5C7D21E3-79FA-4751-B7C7-BB81FE184280}.Debug|Any CPU.ActiveCfg = Debug|Any CPU
		{5C7D21E3-79FA-4751-B7C7-BB81FE184280}.Debug|Any CPU.Build.0 = Debug|Any CPU
		{5C7D21E3-79FA-4751-B7C7-BB81FE184280}.Release|Any CPU.ActiveCfg = Release|Any CPU
		{5C7D21E3-79FA-4751-B7C7-BB81FE184280}.Release|Any CPU.Build.0 = Release|Any CPU
	EndGlobalSection
	GlobalSection(SolutionProperties) = preSolution
		HideSolutionNode = FALSE
	EndGlobalSection
EndGlobal
